
Microsoft Visual Studio Solution File, Format Version 12.00
# Visual Studio Version 17
VisualStudioVersion = 17.2.32616.157
MinimumVisualStudioVersion = 10.0.40219.1
Project("{FAE04EC0-301F-11D3-BF4B-00C04F79EFBC}") = "DataStructureAPI", "DataStructureAPI\DataStructureAPI.csproj", "{B52C6908-A8B1-4689-A6E6-2E61CB3BD52F}"
EndProject
Project("{FAE04EC0-301F-11D3-BF4B-00C04F79EFBC}") = "AlgorithmsAPI", "AlgorithmsAPI\AlgorithmsAPI.csproj", "{FC68A5A0-89D2-4717-8BE1-0C505D2C4BA6}"
EndProject
Global
	GlobalSection(SolutionConfigurationPlatforms) = preSolution
		Debug|Any CPU = Debug|Any CPU
		Release|Any CPU = Release|Any CPU
	EndGlobalSection
	GlobalSection(ProjectConfigurationPlatforms) = postSolution
		{B52C6908-A8B1-4689-A6E6-2E61CB3BD52F}.Debug|Any CPU.ActiveCfg = Debug|Any CPU
		{B52C6908-A8B1-4689-A6E6-2E61CB3BD52F}.Debug|Any CPU.Build.0 = Debug|Any CPU
		{B52C6908-A8B1-4689-A6E6-2E61CB3BD52F}.Release|Any CPU.ActiveCfg = Release|Any CPU
		{B52C6908-A8B1-4689-A6E6-2E61CB3BD52F}.Release|Any CPU.Build.0 = Release|Any CPU
		{FC68A5A0-89D2-4717-8BE1-0C505D2C4BA6}.Debug|Any CPU.ActiveCfg = Debug|Any CPU
		{FC68A5A0-89D2-4717-8BE1-0C505D2C4BA6}.Debug|Any CPU.Build.0 = Debug|Any CPU
		{FC68A5A0-89D2-4717-8BE1-0C505D2C4BA6}.Release|Any CPU.ActiveCfg = Release|Any CPU
		{FC68A5A0-89D2-4717-8BE1-0C505D2C4BA6}.Release|Any CPU.Build.0 = Release|Any CPU
	EndGlobalSection
	GlobalSection(SolutionProperties) = preSolution
		HideSolutionNode = FALSE
	EndGlobalSection
	GlobalSection(ExtensibilityGlobals) = postSolution
		SolutionGuid = {3FDC130C-FDFF-442B-92E7-79523BE801AA}
	EndGlobalSection
EndGlobal
